{
  "version": 4,
  "terraform_version": "1.11.4",
  "serial": 135,
  "lineage": "cd54cdac-c621-1aab-39b2-382479b75f35",
  "outputs": {},
  "resources": [
    {
      "mode": "managed",
      "type": "azurerm_lb",
      "name": "replica",
      "provider": "provider[\"registry.terraform.io/hashicorp/azurerm\"]",
      "instances": [
        {
          "schema_version": 0,
          "attributes": {
            "edge_zone": "",
            "frontend_ip_configuration": [
              {
                "gateway_load_balancer_frontend_ip_configuration_id": "",
                "id": "/subscriptions/590b6f13-b2ac-4046-b912-57d76de873d7/resourceGroups/Replicas-East-Asia/providers/Microsoft.Network/loadBalancers/ReplicaLoadBalancer/frontendIPConfigurations/PublicIPAddress",
                "inbound_nat_rules": [],
                "load_balancer_rules": [],
                "name": "PublicIPAddress",
                "outbound_rules": [],
                "private_ip_address": "",
                "private_ip_address_allocation": "Dynamic",
                "private_ip_address_version": "",
                "public_ip_address_id": "/subscriptions/590b6f13-b2ac-4046-b912-57d76de873d7/resourceGroups/Replicas-East-Asia/providers/Microsoft.Network/publicIPAddresses/PublicIPForLB",
                "public_ip_prefix_id": "",
                "subnet_id": "",
                "zones": null
              }
            ],
            "id": "/subscriptions/590b6f13-b2ac-4046-b912-57d76de873d7/resourceGroups/Replicas-East-Asia/providers/Microsoft.Network/loadBalancers/ReplicaLoadBalancer",
            "location": "eastasia",
            "name": "ReplicaLoadBalancer",
            "private_ip_address": "",
            "private_ip_addresses": [],
            "resource_group_name": "Replicas-East-Asia",
            "sku": "Standard",
            "sku_tier": "Regional",
            "tags": null,
            "timeouts": null
          },
          "sensitive_attributes": [],
          "private": "eyJlMmJmYjczMC1lY2FhLTExZTYtOGY4OC0zNDM2M2JjN2M0YzAiOnsiY3JlYXRlIjoxODAwMDAwMDAwMDAwLCJkZWxldGUiOjE4MDAwMDAwMDAwMDAsInJlYWQiOjMwMDAwMDAwMDAwMCwidXBkYXRlIjoxODAwMDAwMDAwMDAwfX0=",
          "dependencies": [
            "azurerm_public_ip.replica",
            "azurerm_resource_group.replica"
          ]
        }
      ]
    },
    {
      "mode": "managed",
      "type": "azurerm_lb_backend_address_pool",
      "name": "replica",
      "provider": "provider[\"registry.terraform.io/hashicorp/azurerm\"]",
      "instances": [
        {
          "schema_version": 0,
          "attributes": {
            "backend_ip_configurations": [],
            "id": "/subscriptions/590b6f13-b2ac-4046-b912-57d76de873d7/resourceGroups/Replicas-East-Asia/providers/Microsoft.Network/loadBalancers/ReplicaLoadBalancer/backendAddressPools/vms-asia",
            "inbound_nat_rules": [],
            "load_balancing_rules": [],
            "loadbalancer_id": "/subscriptions/590b6f13-b2ac-4046-b912-57d76de873d7/resourceGroups/Replicas-East-Asia/providers/Microsoft.Network/loadBalancers/ReplicaLoadBalancer",
            "name": "vms-asia",
            "outbound_rules": [],
            "synchronous_mode": "",
            "timeouts": null,
            "tunnel_interface": [],
            "virtual_network_id": ""
          },
          "sensitive_attributes": [],
          "private": "eyJlMmJmYjczMC1lY2FhLTExZTYtOGY4OC0zNDM2M2JjN2M0YzAiOnsiY3JlYXRlIjoxODAwMDAwMDAwMDAwLCJkZWxldGUiOjE4MDAwMDAwMDAwMDAsInJlYWQiOjMwMDAwMDAwMDAwMCwidXBkYXRlIjoxODAwMDAwMDAwMDAwfX0=",
          "dependencies": [
            "azurerm_lb.replica",
            "azurerm_public_ip.replica",
            "azurerm_resource_group.replica"
          ]
        }
      ]
    },
    {
      "mode": "managed",
      "type": "azurerm_lb_rule",
      "name": "replica_https",
      "provider": "provider[\"registry.terraform.io/hashicorp/azurerm\"]",
      "instances": [
        {
          "schema_version": 0,
          "attributes": {
            "backend_address_pool_ids": [
              "/subscriptions/590b6f13-b2ac-4046-b912-57d76de873d7/resourceGroups/Replicas-East-Asia/providers/Microsoft.Network/loadBalancers/ReplicaLoadBalancer/backendAddressPools/vms-asia"
            ],
            "backend_port": 443,
            "disable_outbound_snat": false,
            "enable_floating_ip": false,
            "enable_tcp_reset": false,
            "frontend_ip_configuration_id": "/subscriptions/590b6f13-b2ac-4046-b912-57d76de873d7/resourceGroups/Replicas-East-Asia/providers/Microsoft.Network/loadBalancers/ReplicaLoadBalancer/frontendIPConfigurations/PublicIPAddress",
            "frontend_ip_configuration_name": "PublicIPAddress",
            "frontend_port": 443,
            "id": "/subscriptions/590b6f13-b2ac-4046-b912-57d76de873d7/resourceGroups/Replicas-East-Asia/providers/Microsoft.Network/loadBalancers/ReplicaLoadBalancer/loadBalancingRules/LBRule-HTTPS",
            "idle_timeout_in_minutes": 4,
            "load_distribution": "Default",
            "loadbalancer_id": "/subscriptions/590b6f13-b2ac-4046-b912-57d76de873d7/resourceGroups/Replicas-East-Asia/providers/Microsoft.Network/loadBalancers/ReplicaLoadBalancer",
            "name": "LBRule-HTTPS",
            "probe_id": "",
            "protocol": "Tcp",
            "timeouts": null
          },
          "sensitive_attributes": [],
          "private": "eyJlMmJmYjczMC1lY2FhLTExZTYtOGY4OC0zNDM2M2JjN2M0YzAiOnsiY3JlYXRlIjoxODAwMDAwMDAwMDAwLCJkZWxldGUiOjE4MDAwMDAwMDAwMDAsInJlYWQiOjMwMDAwMDAwMDAwMCwidXBkYXRlIjoxODAwMDAwMDAwMDAwfX0=",
          "dependencies": [
            "azurerm_lb.replica",
            "azurerm_lb_backend_address_pool.replica",
            "azurerm_public_ip.replica",
            "azurerm_resource_group.replica"
          ]
        }
      ]
    },
    {
      "mode": "managed",
      "type": "azurerm_linux_virtual_machine_scale_set",
      "name": "replica",
      "provider": "provider[\"registry.terraform.io/hashicorp/azurerm\"]",
      "instances": [
        {
          "schema_version": 0,
          "attributes": {
            "additional_capabilities": [],
            "admin_password": null,
            "admin_ssh_key": [
              {
                "public_key": "ssh-rsa AAAAB3NzaC1yc2EAAAADAQABAAABgQDOdfgJIBJk1gm66hhTp9W46qSo8UNW5ORGbHfYt2ayFOIls3Ik4jqZBXzn+yd7RyzXliRzf3azCSXuKVSPinr6HcrCXrtoGVYOgXd5QrXqHR4axqmmrJGoguzMm9eZ1rZkUDwxjjr/m+aUJLZOWFtQRGFtbwk60Sggt9wadOQWmcuPROM7VnznB7NkSHcqD3Od/sJFm4429MbE8CHqSYUX2tXRGBXNtYPw+es8pbHy6Sik+W0LRVZ0uO3z027MxS0TELY6D3OL4wz20Aoa8yTRIlYWTI3erNGMOfoEFZCYl7hu79TYKt8FWLvAwzCt8EAh7XBnSxqPHY1kzuD2eoBl6qEjWx20z6hbthRZC34VS7jJEHpznwHEALwxFDCxh0VicMTxKD8JsW7nerFYE7iaYwiG5bKHIeGZv6fSi6JI7NeS9tdUEKtDFBbUbPI8veRZZV9Rw6NcuZITbk5BMKp0Gg09jb5sUoFD3QWnwDPJBcBIMn3S3UAdZhz4ocWZ0rU= jessica@DESKTOP-NQ1I6QH\r\n",
                "username": "adminuser"
              }
            ],
            "admin_username": "adminuser",
            "automatic_instance_repair": [],
            "automatic_os_upgrade_policy": [],
            "boot_diagnostics": [],
            "capacity_reservation_group_id": "",
            "computer_name_prefix": "replica-vmss-asia",
            "custom_data": null,
            "data_disk": [],
            "disable_password_authentication": true,
            "do_not_run_extensions_on_overprovisioned_machines": false,
            "edge_zone": "",
            "encryption_at_host_enabled": false,
            "eviction_policy": "",
            "extension": [],
            "extension_operations_enabled": true,
            "extensions_time_budget": "PT1H30M",
            "gallery_application": [],
            "health_probe_id": "",
            "host_group_id": null,
            "id": "/subscriptions/590b6f13-b2ac-4046-b912-57d76de873d7/resourceGroups/Replicas-East-Asia/providers/Microsoft.Compute/virtualMachineScaleSets/replica-vmss-asia",
            "identity": [],
            "instances": 0,
            "location": "eastasia",
            "max_bid_price": -1,
            "name": "replica-vmss-asia",
            "network_interface": [
              {
                "dns_servers": null,
                "enable_accelerated_networking": false,
                "enable_ip_forwarding": false,
                "ip_configuration": [
                  {
                    "application_gateway_backend_address_pool_ids": null,
                    "application_security_group_ids": null,
                    "load_balancer_backend_address_pool_ids": [
                      "/subscriptions/590b6f13-b2ac-4046-b912-57d76de873d7/resourceGroups/Replicas-East-Asia/providers/Microsoft.Network/loadBalancers/ReplicaLoadBalancer/backendAddressPools/vms-asia"
                    ],
                    "load_balancer_inbound_nat_rules_ids": null,
                    "name": "internal",
                    "primary": true,
                    "public_ip_address": [],
                    "subnet_id": "/subscriptions/590b6f13-b2ac-4046-b912-57d76de873d7/resourceGroups/Replicas-East-Asia/providers/Microsoft.Network/virtualNetworks/replica-network/subnets/internal",
                    "version": "IPv4"
                  }
                ],
                "name": "replica",
                "network_security_group_id": "",
                "primary": true
              }
            ],
            "os_disk": [
              {
                "caching": "ReadWrite",
                "diff_disk_settings": [],
                "disk_encryption_set_id": "",
                "disk_size_gb": 30,
                "secure_vm_disk_encryption_set_id": "",
                "security_encryption_type": "",
                "storage_account_type": "Standard_LRS",
                "write_accelerator_enabled": false
              }
            ],
            "overprovision": true,
            "plan": [],
            "platform_fault_domain_count": 5,
            "priority": "Regular",
            "provision_vm_agent": true,
            "proximity_placement_group_id": "",
            "resource_group_name": "Replicas-East-Asia",
            "rolling_upgrade_policy": [],
            "scale_in": [],
            "secret": [],
            "secure_boot_enabled": false,
            "single_placement_group": true,
            "sku": "Standard_B2s",
            "source_image_id": "",
            "source_image_reference": [
              {
                "offer": "0001-com-ubuntu-server-jammy",
                "publisher": "Canonical",
                "sku": "22_04-lts",
                "version": "latest"
              }
            ],
            "spot_restore": null,
            "tags": null,
            "termination_notification": null,
            "timeouts": null,
            "unique_id": "31cb5181-f936-4845-b80f-33a5d298f566",
            "upgrade_mode": "Manual",
            "user_data": "IyEgL3Vzci9iaW4vZW52IGJhc2gNCg0Kc2V0IC1ldW8gcGlwZWZhaWwNCg0KZWNobyAiW0lORk9dIEluc3RhbGxpbmcgTkdJTlgiDQpzdWRvIGFwdC1nZXQgdXBkYXRlDQpzdWRvIGFwdC1nZXQgaW5zdGFsbCAteSBuZ2lueA0Kc3VkbyBzeXN0ZW1jdGwgZW5hYmxlIG5naW54DQoNCmVjaG8gIltJTkZPXSBUZXJyYWZvcm0gdmFyaWFibGUgaGVhZGluZ19vbmUgPSBSZXBsaWNhIEVhc3QgQXNpYSINCg0KZWNobyAiW0lORk9dIENyZWF0aW5nIGN1c3RvbSBpbmRleC5odG1sIg0KZWNobyAiPGh0bWw+PGJvZHk+PGgxPlJlcGxpY2EgRWFzdCBBc2lhPC9oMT48L2JvZHk+PC9odG1sPiIgPiAvdmFyL3d3dy9odG1sL2luZGV4Lmh0bWwNCg0KZWNobyAiW0lORk9dIENoYW5naW5nIHBlcm1pc3Npb24gaW4gL3Zhci93d3cvaHRtbCBmb3Igd3d3LWRhdGEiDQpzdWRvIGNob3duIC1SIHd3dy1kYXRhOnd3dy1kYXRhIC92YXIvd3d3L2h0bWwNCnN1ZG8gY2htb2QgLVIgNzU1IC92YXIvd3d3L2h0bWwNCg0KDQplY2hvICJbSU5GT10gV3JpdGluZyAgQ2xvdWRmbGFyZSBPcmlnaW4gY2VydGlmaWNhdGUgYW5kIFByaXZhdGUgS2V5Ig0Kc3VkbyBta2RpciAtcCAvZXRjL25naW54L3NzbA0KDQpjYXQgPiAvZXRjL25naW54L3NzbC91cDIwMjEwOTcyOC5wdC5wZW0gPDwgJ0VPRicNCi0tLS0tQkVHSU4gQ0VSVElGSUNBVEUtLS0tLQ0KTUlJRXFEQ0NBNUNnQXdJQkFnSVVGS1pjVTVSRzNSSTd3aDVIcHg2WDY1WTJ6YTh3RFFZSktvWklodmNOQVFFTA0KQlFBd2dZc3hDekFKQmdOVkJBWVRBbFZUTVJrd0Z3WURWUVFLRXhCRGJHOTFaRVpzWVhKbExDQkpibU11TVRRdw0KTWdZRFZRUUxFeXREYkc5MVpFWnNZWEpsSUU5eWFXZHBiaUJUVTB3Z1EyVnlkR2xtYVdOaGRHVWdRWFYwYUc5eQ0KYVhSNU1SWXdGQVlEVlFRSEV3MVRZVzRnUm5KaGJtTnBjMk52TVJNd0VRWURWUVFJRXdwRFlXeHBabTl5Ym1saA0KTUI0WERUSTFNRFV4TWpJd01UQXdNRm9YRFRRd01EVXdPREl3TVRBd01Gb3dZakVaTUJjR0ExVUVDaE1RUTJ4dg0KZFdSR2JHRnlaU3dnU1c1akxqRWRNQnNHQTFVRUN4TVVRMnh2ZFdSR2JHRnlaU0JQY21sbmFXNGdRMEV4SmpBaw0KQmdOVkJBTVRIVU5zYjNWa1JteGhjbVVnVDNKcFoybHVJRU5sY25ScFptbGpZWFJsTUlJQklqQU5CZ2txaGtpRw0KOXcwQkFRRUZBQU9DQVE4QU1JSUJDZ0tDQVFFQTBkOWFrQjFHUWdXV1pMRnlRWW56Q0tqTGRCN2VIQWp1d0JzUQ0KekIwdDdIK3FxK0dLQ2NnY3dtRFMwWHVTQVlWMm5SRGdrdU93MmhsdlljU2lIWnJaeDd4V05CSGduRGdpcXFkRQ0KWjcyTFpEZEdsLy9aalZSaHdPUlV0UUt6VlhPMUQ0b2themM0M0JZalhiQXlkRXNuVHgrdTBNaFJMZVcvazBkeQ0KWVhOMFhxRHJQb1gvUkh5TTVxZzN3MmZTL2xBZlZ6aUY3cjh0R1M5MFNDSDM2Z1RESitwdkJlbzFHbi9kMmIydg0KUEdOZ0VuZnEwcm1yYnI3Sm1oMWN2VEZTTUx1SW5oRnBlSkZoZlhoNkVoVnNEQk1UTHY1VTVhWDIrL0I1blhyZA0KZ09YS2dUY0JsaFZ3Z3FjLzM0Tmt4K2xqbHEwa21hZmRocWJyeTl3amhCQlJ2Ym5jSXdJREFRQUJvNElCS2pDQw0KQVNZd0RnWURWUjBQQVFIL0JBUURBZ1dnTUIwR0ExVWRKUVFXTUJRR0NDc0dBUVVGQndNQ0JnZ3JCZ0VGQlFjRA0KQVRBTUJnTlZIUk1CQWY4RUFqQUFNQjBHQTFVZERnUVdCQlMvRE5IT0tGblVjUlRQRk9SUER4bWpVdDBWUVRBZg0KQmdOVkhTTUVHREFXZ0JRazZGTlhYWHcwUUllcDY1VGJ1dUVXZVB3cHBEQkFCZ2dyQmdFRkJRY0JBUVEwTURJdw0KTUFZSUt3WUJCUVVITUFHR0pHaDBkSEE2THk5dlkzTndMbU5zYjNWa1pteGhjbVV1WTI5dEwyOXlhV2RwYmw5ag0KWVRBckJnTlZIUkVFSkRBaWdoQXFMblZ3TWpBeU1UQTVOekk0TG5CMGdnNTFjREl3TWpFd09UY3lPQzV3ZERBNA0KQmdOVkhSOEVNVEF2TUMyZ0s2QXBoaWRvZEhSd09pOHZZM0pzTG1Oc2IzVmtabXhoY21VdVkyOXRMMjl5YVdkcA0KYmw5allTNWpjbXd3RFFZSktvWklodmNOQVFFTEJRQURnZ0VCQUFFQkk5dTV3OEphcWZmZjBhZk13TUs0ZkI2SQ0KbW1UWm9MVDZCbC9BK0xoOHlmU1AycFpRMERsQ2hnQlpwTXVIQ1BYMHhWQ3BWWDNsU25TMFNUY3ZYdnRxWW01ZQ0KMk5weGZxZWREcERKa3JMVlV4c1NCcmMzS0Jld09ySzlHZlBlakMwQ1RlOHhXNFRSMjdDdFJab1Zaek9RbzdhUg0KNjVDZmNzZTJ4T01qeWpUL0pVWVVDbmFPUFp4Sk9LaEpYY2lnWWlFZDAxYXVSMXR3Y2dWUkQwS3I1V09wQndrcg0KbkoxTTFQNm9SbmprWlgydnJOTUJyUkZ6cGpmMmNCOWZoVzdZY0NwM0FMZWtCZmYrUWdwV0NLNTJiMmJBSEJqeQ0KbGE5d3laU2ExUW1pNCtadjdDeG01MXdHazR6eERVZWtEVUtvcHlJc1ZoNjBscG9sN0QrR2JYSktCK0U9DQotLS0tLUVORCBDRVJUSUZJQ0FURS0tLS0tDQpFT0YNCg0KY2F0ID4gL2V0Yy9uZ2lueC9zc2wvdXAyMDIxMDk3MjgucHQua2V5IDw8ICdFT0YnDQotLS0tLUJFR0lOIFBSSVZBVEUgS0VZLS0tLS0NCk1JSUV2UUlCQURBTkJna3Foa2lHOXcwQkFRRUZBQVNDQktjd2dnU2pBZ0VBQW9JQkFRRFIzMXFRSFVaQ0JaWmsNCnNYSkJpZk1JcU10MEh0NGNDTzdBR3hETUhTM3NmNnFyNFlvSnlCekNZTkxSZTVJQmhYYWRFT0NTNDdEYUdXOWgNCnhLSWRtdG5IdkZZMEVlQ2NPQ0txcDBSbnZZdGtOMGFYLzltTlZHSEE1RlMxQXJOVmM3VVBpaVJyTnpqY0ZpTmQNCnNESjBTeWRQSDY3UXlGRXQ1YitUUjNKaGMzUmVvT3MraGY5RWZJem1xRGZEWjlMK1VCOVhPSVh1dnkwWkwzUkkNCklmZnFCTU1uNm04RjZqVWFmOTNadmE4OFkyQVNkK3JTdWF0dXZzbWFIVnk5TVZJd3U0aWVFV2w0a1dGOWVIb1MNCkZXd01FeE11L2xUbHBmYjc4SG1kZXQyQTVjcUJOd0dXRlhDQ3B6L2ZnMlRINldPV3JTU1pwOTJHcHV2TDNDT0UNCkVGRzl1ZHdqQWdNQkFBRUNnZ0VBQjQrTldxM0RUek9XVkhCVUZtcGEyQkFFckYxRVVTdzlOYXlEOFdhSHRnSnYNCmFwdklka3ZBUlh4cGUrU0F3UTlHMDZlOC8yMjJmRlQ0UDBSdk5yUFNickNwUmx6eWc0NCtLWG0zTENtVzhQaFENCjBiOEUzbU9RMWZzajFoV1AwbDlGd1phUGMxRmMrZ2pPSTF6cXBHZmt0YVFGanozNE5yZ1ZLOEFpTGNLVUNhaWYNCnZCRGdXSjd4eklybExHaTZiRkYvdXJSM25tbGZFVkpRdUxsVXFSMSt1TzJVK2xKZHBEak5QbFk5eGY2RFpVaWsNClpROGdVeC9vam56dFlmZFNLVHRZWFZYdDdqeWxtclI2ME9KMWlRZDN3eDlmSHNhdlFLLzI4MGN4ZFFyOFo0R2MNCnZFUm9ldzYxVVE1QVBXS0U2Z1IyUWloVENjS0R4VVVUUkpjT3Vpcm5BUUtCZ1FEdDFyaDR0VUgzWmNBc2t5aHINCmFIOTVGdUgwcnhVSFBEaUN0NjRrTExXSW55OXJkeUZYUE1RZ01Sd3pyRkM5K0dENVUxRWJnWk9SQXU3QkZHZTkNCnFGUkppdkVPWUczMXgxcmpvMkc0d0E5aEtjRVlxdUM0bUM0OGtybkZNeVpCQVhNOUl1ZjNyQk4vbXFOODJQcW8NCk9SU25hcTQ5b0ZNclo4WkZDd2tYQkdURm93S0JnUURoNWZLUVE1OWdpWjBtZXIreG93MUJmNzloL0tnazY2dGQNCk9zbkU4ZUZvZGtQQXF2QldzMG9xWmNsRGxvd2pzalg5SWNjdHhYVnJ1ZE9tZzRVbDRDejBubXpncVF0NXFSaFQNCm1kT2tMQ0xXUjdFQ3Z4TVhvK3pJSVM3Mk8wUnNEOEdTbGZlNEFHajlWd2R6VGJtdGlYZnVOUmVqWER6UXlYdWcNCkRkMk84dGIzZ1FLQmdRQ3ZCQXluTnFxZVJNL1BmVktIQjFTV1pKSk5uZkRaYkNVaGU4eTNiZmIvM0RQbTNyazQNCkdzMHY2ek9YaXJ1M3IyaWMwQVNsT3dxOThPeUVSR0c2bkgyNXlIWnVYK05Lc3pKY3hNT0tVanAvQTF6R3JDZkYNCmJxYkhpQ2tQeGYzbVpBeks5ajdBY0czQXZxaURuSitHM3NvbUVFaTdySmpISGd3MmpsSllEN0dnQlFLQmdHNU8NCm5PMjVONkFxVXFTeGw5MmtJeHJ5eUgrT29vUzAxODhFbi9ZZHJ0WVZ1ZXZoRE04cGFYUGVsREwrMXB1dnNCRlYNClp5K0FsbC91TTkzQnAwamhlTkpTY2hRYU45SkdzZXhRMXpuNW0yRkxUTEpzbjJRUjFkTzc4SFNvYURia1VyL0QNCm4xMG9SaHcvWFJIK3lFWm5ORHNMamVsbFp3VUUvZXNnR2lwdGhtOEJBb0dBSUtpTUxEOEpNYVRMM0VJR25tcUgNCnA3cm40RzdBTytWYkh2WFd2TG5nVjR4anNyRWcvd3RSSDRvRnVmcFVHNzI0Y0lJd3h1MU5WVy90ZmVLUFZ3UEINCjFpWlFXU0xwekpOWTdjcnVVVG95S0VwWEhGZ1VLN05Vai9Bcld3VmN4eDBadEFYWFV0V2x3dGdkWVIrTFhkYVoNCjYzWmR2ZEdHMFN5VnF1ajJjYlZUSWFNPQ0KLS0tLS1FTkQgUFJJVkFURSBLRVktLS0tLQ0KRU9GDQoNCnN1ZG8gY2htb2QgNjAwIC9ldGMvbmdpbngvc3NsL3VwMjAyMTA5NzI4LnB0LioNCg0KZWNobyAiW0lORk9dIENyZWF0aW5nIGN1c3RvbSBOR0lOWCBjb25mIg0KY2F0ID4gL2V0Yy9uZ2lueC9uZ2lueC5jb25mIDw8RU9GDQp1c2VyIHd3dy1kYXRhOw0Kd29ya2VyX3Byb2Nlc3NlcyBhdXRvOw0KcGlkIC9ydW4vbmdpbngucGlkOw0KaW5jbHVkZSAvZXRjL25naW54L21vZHVsZXMtZW5hYmxlZC8qLmNvbmY7DQoNCmV2ZW50cyB7DQoJd29ya2VyX2Nvbm5lY3Rpb25zIDQwOTY7DQp9DQoNCmh0dHAgew0KICAgIHByb3h5X2NhY2hlX3BhdGggL3Zhci9jYWNoZS9uZ2lueCBsZXZlbHM9MToyIGtleXNfem9uZT1teV9jYWNoZToxMG0gbWF4X3NpemU9MjBnIGluYWN0aXZlPTYwbSB1c2VfdGVtcF9wYXRoPW9mZjsNCg0KICAgIHVwc3RyZWFtIGJhY2tlbmQgew0KICAgICAgICBzZXJ2ZXIgMTcyLjE5MS4zMi4xNTI6NDQzOyAgIyBFeDogMjAuMTIwLjEwMi4xOTENCiAgICB9DQoNCiAgICBzZXJ2ZXIgew0KICAgICAgICBsaXN0ZW4gODA7DQogICAgICAgIHNlcnZlcl9uYW1lIGVhc3Rhc2xiLnVwMjAyMTA5NzI4LnB0Ow0KDQogICAgICAgICMgcmVkaXJlY3QgdG8gSFRUUFMNCiAgICAgICAgcmV0dXJuIDMwMSBodHRwczovL1wkaG9zdFwkcmVxdWVzdF91cmk7DQoNCiAgICB9DQoNCiAgICBzZXJ2ZXIgew0KICAgICAgICBsaXN0ZW4gNDQzIHNzbCBkZWZhdWx0X3NlcnZlcjsNCiAgICAgICAgc2VydmVyX25hbWUgZWFzdGFzbGIudXAyMDIxMDk3MjgucHQ7DQoNCiAgICAgICAgc3NsX2NlcnRpZmljYXRlICAgICAvZXRjL25naW54L3NzbC91cDIwMjEwOTcyOC5wdC5wZW07DQogICAgICAgIHNzbF9jZXJ0aWZpY2F0ZV9rZXkgL2V0Yy9uZ2lueC9zc2wvdXAyMDIxMDk3MjgucHQua2V5Ow0KDQogICAgICAgIHJvb3QgL3Zhci93d3cvaHRtbDsNCiAgICAgICAgaW5kZXggaW5kZXguaHRtbDsNCg0KDQogICAgICAgIGxvY2F0aW9uIC9sb2NhbC8gew0KICAgICAgICAgICAgICAgIGFsaWFzIC92YXIvd3d3L2h0bWwvOw0KICAgICAgICAgICAgICAgIGluZGV4IGluZGV4Lmh0bWw7DQogICAgICAgICAgICAgICAgdHJ5X2ZpbGVzIFwkdXJpIFwkdXJpLyA9NDA0Ow0KICAgICAgICB9DQoNCiAgICAgICAgbG9jYXRpb24gLyB7DQogICAgICAgICAgICBwcm94eV9wYXNzIGh0dHBzOi8vYmFja2VuZDsNCiAgICAgICAgICAgIHByb3h5X3NzbF92ZXJpZnkgb2ZmOw0KICAgICAgICAgICAgcHJveHlfY2FjaGUgbXlfY2FjaGU7DQogICAgICAgICAgICBwcm94eV9jYWNoZV92YWxpZCAyMDAgMzAyIDEwbTsNCiAgICAgICAgICAgIHByb3h5X2NhY2hlX3ZhbGlkIDQwNCAxbTsNCiAgICAgICAgICAgIHByb3h5X2NhY2hlX3VzZV9zdGFsZSBlcnJvciB0aW1lb3V0IHVwZGF0aW5nOw0KICAgICAgICAgICAgYWRkX2hlYWRlciBYLUNhY2hlLVN0YXR1cyBcJHVwc3RyZWFtX2NhY2hlX3N0YXR1czsNCiAgICAgICAgICAgIGFkZF9oZWFkZXIgWC1TZXJ2ZWQtQnkgInJlcGxpY2EiOw0KICAgICAgICAgICAgcHJveHlfc2V0X2hlYWRlciBIb3N0IFwkaG9zdDsNCiAgICAgICAgICAgIHByb3h5X3NldF9oZWFkZXIgWC1SZWFsLUlQIFwkcmVtb3RlX2FkZHI7DQogICAgICAgICAgICBwcm94eV9zZXRfaGVhZGVyIFgtRm9yd2FyZGVkLUZvciBcJHByb3h5X2FkZF94X2ZvcndhcmRlZF9mb3I7DQogICAgICAgICAgICBwcm94eV9zZXRfaGVhZGVyIFgtRm9yd2FyZGVkLVByb3RvIFwkc2NoZW1lOw0KICAgICAgICB9DQogICAgfQ0KfQ0KRU9GDQoNCmVjaG8gIltJTkZPXSBSZXN0YXJ0aW5nIE5HSU5YIHdpdGggSFRUUFMgY29uZmlndXJhdGlvbiINCnN1ZG8gbmdpbnggLXQgJiYgc3VkbyBzeXN0ZW1jdGwgcmVzdGFydCBuZ2lueA0KDQplY2hvICJbSU5GT10gRmluaXNoZWQgc2V0dXAgc2NyaXB0Ig==",
            "vtpm_enabled": false,
            "zone_balance": false,
            "zones": null
          },
          "sensitive_attributes": [
            [
              {
                "type": "get_attr",
                "value": "custom_data"
              }
            ],
            [
              {
                "type": "get_attr",
                "value": "admin_password"
              }
            ]
          ],
          "private": "eyJlMmJmYjczMC1lY2FhLTExZTYtOGY4OC0zNDM2M2JjN2M0YzAiOnsiY3JlYXRlIjozNjAwMDAwMDAwMDAwLCJkZWxldGUiOjM2MDAwMDAwMDAwMDAsInJlYWQiOjMwMDAwMDAwMDAwMCwidXBkYXRlIjozNjAwMDAwMDAwMDAwfX0=",
          "dependencies": [
            "azurerm_lb.replica",
            "azurerm_lb_backend_address_pool.replica",
            "azurerm_public_ip.replica",
            "azurerm_resource_group.replica",
            "azurerm_subnet.replica",
            "azurerm_virtual_network.replica"
          ]
        }
      ]
    },
    {
      "mode": "managed",
      "type": "azurerm_monitor_autoscale_setting",
      "name": "replica",
      "provider": "provider[\"registry.terraform.io/hashicorp/azurerm\"]",
      "instances": [
        {
          "schema_version": 2,
          "attributes": {
            "enabled": true,
            "id": "/subscriptions/590b6f13-b2ac-4046-b912-57d76de873d7/resourceGroups/Replicas-East-Asia/providers/Microsoft.Insights/autoScaleSettings/autoscale-vmss",
            "location": "eastasia",
            "name": "autoscale-vmss",
            "notification": [
              {
                "email": [
                  {
                    "custom_emails": [
                      "up202109728@up.pt"
                    ],
                    "send_to_subscription_administrator": false,
                    "send_to_subscription_co_administrator": false
                  }
                ],
                "webhook": []
              }
            ],
            "predictive": [],
            "profile": [
              {
                "capacity": [
                  {
                    "default": 2,
                    "maximum": 4,
                    "minimum": 2
                  }
                ],
                "fixed_date": [],
                "name": "defaultProfile",
                "recurrence": [],
                "rule": [
                  {
                    "metric_trigger": [
                      {
                        "dimensions": [],
                        "divide_by_instance_count": false,
                        "metric_name": "Percentage CPU",
                        "metric_namespace": "",
                        "metric_resource_id": "/subscriptions/590b6f13-b2ac-4046-b912-57d76de873d7/resourceGroups/Replicas-East-Asia/providers/Microsoft.Compute/virtualMachineScaleSets/replica-vmss-asia",
                        "operator": "GreaterThan",
                        "statistic": "Average",
                        "threshold": 75,
                        "time_aggregation": "Average",
                        "time_grain": "PT1M",
                        "time_window": "PT5M"
                      }
                    ],
                    "scale_action": [
                      {
                        "cooldown": "PT5M",
                        "direction": "Increase",
                        "type": "ChangeCount",
                        "value": 1
                      }
                    ]
                  },
                  {
                    "metric_trigger": [
                      {
                        "dimensions": [],
                        "divide_by_instance_count": false,
                        "metric_name": "Percentage CPU",
                        "metric_namespace": "",
                        "metric_resource_id": "/subscriptions/590b6f13-b2ac-4046-b912-57d76de873d7/resourceGroups/Replicas-East-Asia/providers/Microsoft.Compute/virtualMachineScaleSets/replica-vmss-asia",
                        "operator": "LessThan",
                        "statistic": "Average",
                        "threshold": 25,
                        "time_aggregation": "Average",
                        "time_grain": "PT1M",
                        "time_window": "PT5M"
                      }
                    ],
                    "scale_action": [
                      {
                        "cooldown": "PT5M",
                        "direction": "Decrease",
                        "type": "ChangeCount",
                        "value": 1
                      }
                    ]
                  }
                ]
              }
            ],
            "resource_group_name": "Replicas-East-Asia",
            "tags": {
              "environment": "Production"
            },
            "target_resource_id": "/subscriptions/590b6f13-b2ac-4046-b912-57d76de873d7/resourceGroups/Replicas-East-Asia/providers/Microsoft.Compute/virtualMachineScaleSets/replica-vmss-asia",
            "timeouts": null
          },
          "sensitive_attributes": [],
          "private": "eyJlMmJmYjczMC1lY2FhLTExZTYtOGY4OC0zNDM2M2JjN2M0YzAiOnsiY3JlYXRlIjoxODAwMDAwMDAwMDAwLCJkZWxldGUiOjE4MDAwMDAwMDAwMDAsInJlYWQiOjMwMDAwMDAwMDAwMCwidXBkYXRlIjoxODAwMDAwMDAwMDAwfSwic2NoZW1hX3ZlcnNpb24iOiIyIn0=",
          "dependencies": [
            "azurerm_lb.replica",
            "azurerm_lb_backend_address_pool.replica",
            "azurerm_linux_virtual_machine_scale_set.replica",
            "azurerm_public_ip.replica",
            "azurerm_resource_group.replica",
            "azurerm_subnet.replica",
            "azurerm_virtual_network.replica"
          ]
        }
      ]
    },
    {
      "mode": "managed",
      "type": "azurerm_network_security_group",
      "name": "lb_replica",
      "provider": "provider[\"registry.terraform.io/hashicorp/azurerm\"]",
      "instances": [
        {
          "schema_version": 0,
          "attributes": {
            "id": "/subscriptions/590b6f13-b2ac-4046-b912-57d76de873d7/resourceGroups/Replicas-East-Asia/providers/Microsoft.Network/networkSecurityGroups/load-balancer-nsg",
            "location": "eastasia",
            "name": "load-balancer-nsg",
            "resource_group_name": "Replicas-East-Asia",
            "security_rule": [
              {
                "access": "Allow",
                "description": "",
                "destination_address_prefix": "*",
                "destination_address_prefixes": [],
                "destination_application_security_group_ids": [],
                "destination_port_range": "*",
                "destination_port_ranges": [],
                "direction": "Inbound",
                "name": "AllowLoadBalancerHealthProbe",
                "priority": 100,
                "protocol": "Tcp",
                "source_address_prefix": "AzureLoadBalancer",
                "source_address_prefixes": [],
                "source_application_security_group_ids": [],
                "source_port_range": "*",
                "source_port_ranges": []
              },
              {
                "access": "Allow",
                "description": "",
                "destination_address_prefix": "*",
                "destination_address_prefixes": [],
                "destination_application_security_group_ids": [],
                "destination_port_range": "443",
                "destination_port_ranges": [],
                "direction": "Inbound",
                "name": "Allow-Cloudflare-HTTPS-IPv4",
                "priority": 110,
                "protocol": "Tcp",
                "source_address_prefix": "",
                "source_address_prefixes": [
                  "103.21.244.0/22",
                  "103.22.200.0/22",
                  "103.31.4.0/22",
                  "104.16.0.0/13",
                  "104.24.0.0/14",
                  "108.162.192.0/18",
                  "131.0.72.0/22",
                  "141.101.64.0/18",
                  "162.158.0.0/15",
                  "172.64.0.0/13",
                  "173.245.48.0/20",
                  "188.114.96.0/20",
                  "190.93.240.0/20",
                  "197.234.240.0/22",
                  "198.41.128.0/17"
                ],
                "source_application_security_group_ids": [],
                "source_port_range": "*",
                "source_port_ranges": []
              },
              {
                "access": "Allow",
                "description": "",
                "destination_address_prefix": "*",
                "destination_address_prefixes": [],
                "destination_application_security_group_ids": [],
                "destination_port_range": "443",
                "destination_port_ranges": [],
                "direction": "Inbound",
                "name": "Allow-Cloudflare-HTTPS-IPv6",
                "priority": 120,
                "protocol": "Tcp",
                "source_address_prefix": "",
                "source_address_prefixes": [
                  "2400:cb00::/32",
                  "2405:8100::/32",
                  "2405:b500::/32",
                  "2606:4700::/32",
                  "2803:f800::/32",
                  "2a06:98c0::/29",
                  "2c0f:f248::/32"
                ],
                "source_application_security_group_ids": [],
                "source_port_range": "*",
                "source_port_ranges": []
              },
              {
                "access": "Deny",
                "description": "",
                "destination_address_prefix": "*",
                "destination_address_prefixes": [],
                "destination_application_security_group_ids": [],
                "destination_port_range": "*",
                "destination_port_ranges": [],
                "direction": "Inbound",
                "name": "DenyAllInbound",
                "priority": 2000,
                "protocol": "*",
                "source_address_prefix": "*",
                "source_address_prefixes": [],
                "source_application_security_group_ids": [],
                "source_port_range": "*",
                "source_port_ranges": []
              }
            ],
            "tags": null,
            "timeouts": null
          },
          "sensitive_attributes": [],
          "private": "eyJlMmJmYjczMC1lY2FhLTExZTYtOGY4OC0zNDM2M2JjN2M0YzAiOnsiY3JlYXRlIjoxODAwMDAwMDAwMDAwLCJkZWxldGUiOjE4MDAwMDAwMDAwMDAsInJlYWQiOjMwMDAwMDAwMDAwMCwidXBkYXRlIjoxODAwMDAwMDAwMDAwfX0=",
          "dependencies": [
            "azurerm_resource_group.replica"
          ]
        }
      ]
    },
    {
      "mode": "managed",
      "type": "azurerm_network_security_group",
      "name": "replica",
      "provider": "provider[\"registry.terraform.io/hashicorp/azurerm\"]",
      "instances": [
        {
          "schema_version": 0,
          "attributes": {
            "id": "/subscriptions/590b6f13-b2ac-4046-b912-57d76de873d7/resourceGroups/Replicas-East-Asia/providers/Microsoft.Network/networkSecurityGroups/replica-nsg",
            "location": "eastasia",
            "name": "replica-nsg",
            "resource_group_name": "Replicas-East-Asia",
            "security_rule": [
              {
                "access": "Allow",
                "description": "",
                "destination_address_prefix": "*",
                "destination_address_prefixes": [],
                "destination_application_security_group_ids": [],
                "destination_port_range": "22",
                "destination_port_ranges": [],
                "direction": "Inbound",
                "name": "SSH",
                "priority": 1000,
                "protocol": "Tcp",
                "source_address_prefix": "*",
                "source_address_prefixes": [],
                "source_application_security_group_ids": [],
                "source_port_range": "*",
                "source_port_ranges": []
              },
              {
                "access": "Allow",
                "description": "",
                "destination_address_prefix": "*",
                "destination_address_prefixes": [],
                "destination_application_security_group_ids": [],
                "destination_port_range": "443",
                "destination_port_ranges": [],
                "direction": "Inbound",
                "name": "Allow-Cloudflare-HTTPS-IPv4",
                "priority": 1001,
                "protocol": "Tcp",
                "source_address_prefix": "",
                "source_address_prefixes": [
                  "103.21.244.0/22",
                  "103.22.200.0/22",
                  "103.31.4.0/22",
                  "104.16.0.0/13",
                  "104.24.0.0/14",
                  "108.162.192.0/18",
                  "131.0.72.0/22",
                  "141.101.64.0/18",
                  "162.158.0.0/15",
                  "172.64.0.0/13",
                  "173.245.48.0/20",
                  "188.114.96.0/20",
                  "190.93.240.0/20",
                  "197.234.240.0/22",
                  "198.41.128.0/17"
                ],
                "source_application_security_group_ids": [],
                "source_port_range": "*",
                "source_port_ranges": []
              },
              {
                "access": "Allow",
                "description": "",
                "destination_address_prefix": "*",
                "destination_address_prefixes": [],
                "destination_application_security_group_ids": [],
                "destination_port_range": "443",
                "destination_port_ranges": [],
                "direction": "Inbound",
                "name": "Allow-Cloudflare-HTTPS-IPv6",
                "priority": 1002,
                "protocol": "Tcp",
                "source_address_prefix": "",
                "source_address_prefixes": [
                  "2400:cb00::/32",
                  "2405:8100::/32",
                  "2405:b500::/32",
                  "2606:4700::/32",
                  "2803:f800::/32",
                  "2a06:98c0::/29",
                  "2c0f:f248::/32"
                ],
                "source_application_security_group_ids": [],
                "source_port_range": "*",
                "source_port_ranges": []
              },
              {
                "access": "Deny",
                "description": "",
                "destination_address_prefix": "*",
                "destination_address_prefixes": [],
                "destination_application_security_group_ids": [],
                "destination_port_range": "*",
                "destination_port_ranges": [],
                "direction": "Inbound",
                "name": "DenyAllInbound",
                "priority": 2000,
                "protocol": "*",
                "source_address_prefix": "*",
                "source_address_prefixes": [],
                "source_application_security_group_ids": [],
                "source_port_range": "*",
                "source_port_ranges": []
              }
            ],
            "tags": null,
            "timeouts": null
          },
          "sensitive_attributes": [],
          "private": "eyJlMmJmYjczMC1lY2FhLTExZTYtOGY4OC0zNDM2M2JjN2M0YzAiOnsiY3JlYXRlIjoxODAwMDAwMDAwMDAwLCJkZWxldGUiOjE4MDAwMDAwMDAwMDAsInJlYWQiOjMwMDAwMDAwMDAwMCwidXBkYXRlIjoxODAwMDAwMDAwMDAwfX0=",
          "dependencies": [
            "azurerm_resource_group.replica"
          ]
        }
      ]
    },
    {
      "mode": "managed",
      "type": "azurerm_public_ip",
      "name": "replica",
      "provider": "provider[\"registry.terraform.io/hashicorp/azurerm\"]",
      "instances": [
        {
          "schema_version": 0,
          "attributes": {
            "allocation_method": "Static",
            "ddos_protection_mode": "VirtualNetworkInherited",
            "ddos_protection_plan_id": null,
            "domain_name_label": null,
            "domain_name_label_scope": null,
            "edge_zone": "",
            "fqdn": null,
            "id": "/subscriptions/590b6f13-b2ac-4046-b912-57d76de873d7/resourceGroups/Replicas-East-Asia/providers/Microsoft.Network/publicIPAddresses/PublicIPForLB",
            "idle_timeout_in_minutes": 4,
            "ip_address": "20.2.12.60",
            "ip_tags": null,
            "ip_version": "IPv4",
            "location": "eastasia",
            "name": "PublicIPForLB",
            "public_ip_prefix_id": null,
            "resource_group_name": "Replicas-East-Asia",
            "reverse_fqdn": null,
            "sku": "Standard",
            "sku_tier": "Regional",
            "tags": null,
            "timeouts": null,
            "zones": null
          },
          "sensitive_attributes": [],
          "private": "eyJlMmJmYjczMC1lY2FhLTExZTYtOGY4OC0zNDM2M2JjN2M0YzAiOnsiY3JlYXRlIjoxODAwMDAwMDAwMDAwLCJkZWxldGUiOjE4MDAwMDAwMDAwMDAsInJlYWQiOjMwMDAwMDAwMDAwMCwidXBkYXRlIjoxODAwMDAwMDAwMDAwfX0=",
          "dependencies": [
            "azurerm_resource_group.replica"
          ]
        }
      ]
    },
    {
      "mode": "managed",
      "type": "azurerm_resource_group",
      "name": "replica",
      "provider": "provider[\"registry.terraform.io/hashicorp/azurerm\"]",
      "instances": [
        {
          "schema_version": 0,
          "attributes": {
            "id": "/subscriptions/590b6f13-b2ac-4046-b912-57d76de873d7/resourceGroups/Replicas-East-Asia",
            "location": "eastasia",
            "managed_by": "",
            "name": "Replicas-East-Asia",
            "tags": null,
            "timeouts": null
          },
          "sensitive_attributes": [],
          "private": "eyJlMmJmYjczMC1lY2FhLTExZTYtOGY4OC0zNDM2M2JjN2M0YzAiOnsiY3JlYXRlIjo1NDAwMDAwMDAwMDAwLCJkZWxldGUiOjU0MDAwMDAwMDAwMDAsInJlYWQiOjMwMDAwMDAwMDAwMCwidXBkYXRlIjo1NDAwMDAwMDAwMDAwfX0="
        }
      ]
    },
    {
      "mode": "managed",
      "type": "azurerm_subnet",
      "name": "replica",
      "provider": "provider[\"registry.terraform.io/hashicorp/azurerm\"]",
      "instances": [
        {
          "schema_version": 0,
          "attributes": {
            "address_prefixes": [
              "10.0.2.0/24"
            ],
            "default_outbound_access_enabled": true,
            "delegation": [],
            "id": "/subscriptions/590b6f13-b2ac-4046-b912-57d76de873d7/resourceGroups/Replicas-East-Asia/providers/Microsoft.Network/virtualNetworks/replica-network/subnets/internal",
            "name": "internal",
            "private_endpoint_network_policies": "Disabled",
            "private_link_service_network_policies_enabled": true,
            "resource_group_name": "Replicas-East-Asia",
            "service_endpoint_policy_ids": null,
            "service_endpoints": null,
            "timeouts": null,
            "virtual_network_name": "replica-network"
          },
          "sensitive_attributes": [],
          "private": "eyJlMmJmYjczMC1lY2FhLTExZTYtOGY4OC0zNDM2M2JjN2M0YzAiOnsiY3JlYXRlIjoxODAwMDAwMDAwMDAwLCJkZWxldGUiOjE4MDAwMDAwMDAwMDAsInJlYWQiOjMwMDAwMDAwMDAwMCwidXBkYXRlIjoxODAwMDAwMDAwMDAwfX0=",
          "dependencies": [
            "azurerm_resource_group.replica",
            "azurerm_virtual_network.replica"
          ]
        }
      ]
    },
    {
      "mode": "managed",
      "type": "azurerm_subnet_network_security_group_association",
      "name": "replica",
      "provider": "provider[\"registry.terraform.io/hashicorp/azurerm\"]",
      "instances": [
        {
          "schema_version": 0,
          "attributes": {
            "id": "/subscriptions/590b6f13-b2ac-4046-b912-57d76de873d7/resourceGroups/Replicas-East-Asia/providers/Microsoft.Network/virtualNetworks/replica-network/subnets/internal",
            "network_security_group_id": "/subscriptions/590b6f13-b2ac-4046-b912-57d76de873d7/resourceGroups/Replicas-East-Asia/providers/Microsoft.Network/networkSecurityGroups/replica-nsg",
            "subnet_id": "/subscriptions/590b6f13-b2ac-4046-b912-57d76de873d7/resourceGroups/Replicas-East-Asia/providers/Microsoft.Network/virtualNetworks/replica-network/subnets/internal",
            "timeouts": null
          },
          "sensitive_attributes": [],
          "private": "eyJlMmJmYjczMC1lY2FhLTExZTYtOGY4OC0zNDM2M2JjN2M0YzAiOnsiY3JlYXRlIjoxODAwMDAwMDAwMDAwLCJkZWxldGUiOjE4MDAwMDAwMDAwMDAsInJlYWQiOjMwMDAwMDAwMDAwMH19",
          "dependencies": [
            "azurerm_network_security_group.replica",
            "azurerm_resource_group.replica",
            "azurerm_subnet.replica",
            "azurerm_virtual_network.replica"
          ]
        }
      ]
    },
    {
      "mode": "managed",
      "type": "azurerm_virtual_network",
      "name": "replica",
      "provider": "provider[\"registry.terraform.io/hashicorp/azurerm\"]",
      "instances": [
        {
          "schema_version": 0,
          "attributes": {
            "address_space": [
              "10.0.0.0/16"
            ],
            "bgp_community": "",
            "ddos_protection_plan": [],
            "dns_servers": [],
            "edge_zone": "",
            "encryption": [],
            "flow_timeout_in_minutes": 0,
            "guid": "17b52a43-85f0-4c7d-b137-ec089e4988a4",
            "id": "/subscriptions/590b6f13-b2ac-4046-b912-57d76de873d7/resourceGroups/Replicas-East-Asia/providers/Microsoft.Network/virtualNetworks/replica-network",
            "location": "eastasia",
            "name": "replica-network",
            "private_endpoint_vnet_policies": "Disabled",
            "resource_group_name": "Replicas-East-Asia",
            "subnet": [],
            "tags": null,
            "timeouts": null
          },
          "sensitive_attributes": [],
          "private": "eyJlMmJmYjczMC1lY2FhLTExZTYtOGY4OC0zNDM2M2JjN2M0YzAiOnsiY3JlYXRlIjoxODAwMDAwMDAwMDAwLCJkZWxldGUiOjE4MDAwMDAwMDAwMDAsInJlYWQiOjMwMDAwMDAwMDAwMCwidXBkYXRlIjoxODAwMDAwMDAwMDAwfX0=",
          "dependencies": [
            "azurerm_resource_group.replica"
          ]
        }
      ]
    }
  ],
  "check_results": null
}
