{
  "version": 4,
  "terraform_version": "1.11.4",
  "serial": 27,
  "lineage": "742ef070-0524-2bee-03f8-ef42dd5a8b4f",
  "outputs": {},
  "resources": [
    {
      "mode": "managed",
      "type": "azurerm_linux_virtual_machine",
      "name": "client-asia",
      "provider": "provider[\"registry.terraform.io/hashicorp/azurerm\"]",
      "instances": [
        {
          "schema_version": 0,
          "attributes": {
            "additional_capabilities": [],
            "admin_password": null,
            "admin_ssh_key": [
              {
                "public_key": "ssh-rsa AAAAB3NzaC1yc2EAAAADAQABAAABgQDOdfgJIBJk1gm66hhTp9W46qSo8UNW5ORGbHfYt2ayFOIls3Ik4jqZBXzn+yd7RyzXliRzf3azCSXuKVSPinr6HcrCXrtoGVYOgXd5QrXqHR4axqmmrJGoguzMm9eZ1rZkUDwxjjr/m+aUJLZOWFtQRGFtbwk60Sggt9wadOQWmcuPROM7VnznB7NkSHcqD3Od/sJFm4429MbE8CHqSYUX2tXRGBXNtYPw+es8pbHy6Sik+W0LRVZ0uO3z027MxS0TELY6D3OL4wz20Aoa8yTRIlYWTI3erNGMOfoEFZCYl7hu79TYKt8FWLvAwzCt8EAh7XBnSxqPHY1kzuD2eoBl6qEjWx20z6hbthRZC34VS7jJEHpznwHEALwxFDCxh0VicMTxKD8JsW7nerFYE7iaYwiG5bKHIeGZv6fSi6JI7NeS9tdUEKtDFBbUbPI8veRZZV9Rw6NcuZITbk5BMKp0Gg09jb5sUoFD3QWnwDPJBcBIMn3S3UAdZhz4ocWZ0rU= jessica@DESKTOP-NQ1I6QH\r\n",
                "username": "adminuser"
              }
            ],
            "admin_username": "adminuser",
            "allow_extension_operations": true,
            "availability_set_id": "",
            "boot_diagnostics": [],
            "bypass_platform_safety_checks_on_user_schedule_enabled": false,
            "capacity_reservation_group_id": "",
            "computer_name": "client-asia-machine",
            "custom_data": null,
            "dedicated_host_group_id": "",
            "dedicated_host_id": "",
            "disable_password_authentication": true,
            "disk_controller_type": "",
            "edge_zone": "",
            "encryption_at_host_enabled": false,
            "eviction_policy": "",
            "extensions_time_budget": "PT1H30M",
            "gallery_application": [],
            "id": "/subscriptions/590b6f13-b2ac-4046-b912-57d76de873d7/resourceGroups/Client-East-Asia/providers/Microsoft.Compute/virtualMachines/client-asia-machine",
            "identity": [],
            "license_type": "",
            "location": "eastasia",
            "max_bid_price": -1,
            "name": "client-asia-machine",
            "network_interface_ids": [
              "/subscriptions/590b6f13-b2ac-4046-b912-57d76de873d7/resourceGroups/Client-East-Asia/providers/Microsoft.Network/networkInterfaces/client-asia-nic"
            ],
            "os_disk": [
              {
                "caching": "ReadWrite",
                "diff_disk_settings": [],
                "disk_encryption_set_id": "",
                "disk_size_gb": 30,
                "id": "/subscriptions/590b6f13-b2ac-4046-b912-57d76de873d7/resourceGroups/Client-East-Asia/providers/Microsoft.Compute/disks/client-asia-machine_OsDisk_1_bf8d132315cc46e6a018470cc1cd9035",
                "name": "client-asia-machine_OsDisk_1_bf8d132315cc46e6a018470cc1cd9035",
                "secure_vm_disk_encryption_set_id": "",
                "security_encryption_type": "",
                "storage_account_type": "Standard_LRS",
                "write_accelerator_enabled": false
              }
            ],
            "os_image_notification": [],
            "patch_assessment_mode": "ImageDefault",
            "patch_mode": "ImageDefault",
            "plan": [],
            "platform_fault_domain": -1,
            "priority": "Regular",
            "private_ip_address": "10.0.2.4",
            "private_ip_addresses": [
              "10.0.2.4"
            ],
            "provision_vm_agent": true,
            "proximity_placement_group_id": "",
            "public_ip_address": "20.2.206.80",
            "public_ip_addresses": [
              "20.2.206.80"
            ],
            "reboot_setting": "",
            "resource_group_name": "Client-East-Asia",
            "secret": [],
            "secure_boot_enabled": false,
            "size": "Standard_F2",
            "source_image_id": "",
            "source_image_reference": [
              {
                "offer": "0001-com-ubuntu-server-jammy",
                "publisher": "Canonical",
                "sku": "22_04-lts",
                "version": "latest"
              }
            ],
            "tags": null,
            "termination_notification": null,
            "timeouts": null,
            "user_data": "",
            "virtual_machine_id": "f98bfc25-6143-466e-98d9-10d290d3cbbf",
            "virtual_machine_scale_set_id": "",
            "vm_agent_platform_updates_enabled": false,
            "vtpm_enabled": false,
            "zone": ""
          },
          "sensitive_attributes": [
            [
              {
                "type": "get_attr",
                "value": "admin_password"
              }
            ],
            [
              {
                "type": "get_attr",
                "value": "custom_data"
              }
            ]
          ],
          "private": "eyJlMmJmYjczMC1lY2FhLTExZTYtOGY4OC0zNDM2M2JjN2M0YzAiOnsiY3JlYXRlIjoyNzAwMDAwMDAwMDAwLCJkZWxldGUiOjI3MDAwMDAwMDAwMDAsInJlYWQiOjMwMDAwMDAwMDAwMCwidXBkYXRlIjoyNzAwMDAwMDAwMDAwfX0=",
          "dependencies": [
            "azurerm_network_interface.client-asia",
            "azurerm_public_ip.client-asia",
            "azurerm_resource_group.client-asia",
            "azurerm_subnet.client-asia",
            "azurerm_virtual_network.client-asia"
          ]
        }
      ]
    },
    {
      "mode": "managed",
      "type": "azurerm_network_interface",
      "name": "client-asia",
      "provider": "provider[\"registry.terraform.io/hashicorp/azurerm\"]",
      "instances": [
        {
          "schema_version": 0,
          "attributes": {
            "accelerated_networking_enabled": false,
            "applied_dns_servers": [],
            "auxiliary_mode": "",
            "auxiliary_sku": "",
            "dns_servers": null,
            "edge_zone": "",
            "id": "/subscriptions/590b6f13-b2ac-4046-b912-57d76de873d7/resourceGroups/Client-East-Asia/providers/Microsoft.Network/networkInterfaces/client-asia-nic",
            "internal_dns_name_label": "",
            "internal_domain_name_suffix": "5rkrhvju0pzetpoemy1fdsdvjh.hx.internal.cloudapp.net",
            "ip_configuration": [
              {
                "gateway_load_balancer_frontend_ip_configuration_id": "",
                "name": "internal",
                "primary": true,
                "private_ip_address": "10.0.2.4",
                "private_ip_address_allocation": "Dynamic",
                "private_ip_address_version": "IPv4",
                "public_ip_address_id": "/subscriptions/590b6f13-b2ac-4046-b912-57d76de873d7/resourceGroups/Client-East-Asia/providers/Microsoft.Network/publicIPAddresses/acceptanceTestPublicIp1",
                "subnet_id": "/subscriptions/590b6f13-b2ac-4046-b912-57d76de873d7/resourceGroups/Client-East-Asia/providers/Microsoft.Network/virtualNetworks/client-asia-network/subnets/internal"
              }
            ],
            "ip_forwarding_enabled": false,
            "location": "eastasia",
            "mac_address": "",
            "name": "client-asia-nic",
            "private_ip_address": "10.0.2.4",
            "private_ip_addresses": [
              "10.0.2.4"
            ],
            "resource_group_name": "Client-East-Asia",
            "tags": null,
            "timeouts": null,
            "virtual_machine_id": ""
          },
          "sensitive_attributes": [],
          "private": "eyJlMmJmYjczMC1lY2FhLTExZTYtOGY4OC0zNDM2M2JjN2M0YzAiOnsiY3JlYXRlIjoxODAwMDAwMDAwMDAwLCJkZWxldGUiOjE4MDAwMDAwMDAwMDAsInJlYWQiOjMwMDAwMDAwMDAwMCwidXBkYXRlIjoxODAwMDAwMDAwMDAwfX0=",
          "dependencies": [
            "azurerm_public_ip.client-asia",
            "azurerm_resource_group.client-asia",
            "azurerm_subnet.client-asia",
            "azurerm_virtual_network.client-asia"
          ]
        }
      ]
    },
    {
      "mode": "managed",
      "type": "azurerm_network_interface_security_group_association",
      "name": "client-asia",
      "provider": "provider[\"registry.terraform.io/hashicorp/azurerm\"]",
      "instances": [
        {
          "schema_version": 0,
          "attributes": {
            "id": "/subscriptions/590b6f13-b2ac-4046-b912-57d76de873d7/resourceGroups/Client-East-Asia/providers/Microsoft.Network/networkInterfaces/client-asia-nic|/subscriptions/590b6f13-b2ac-4046-b912-57d76de873d7/resourceGroups/Client-East-Asia/providers/Microsoft.Network/networkSecurityGroups/client-asia-nsg",
            "network_interface_id": "/subscriptions/590b6f13-b2ac-4046-b912-57d76de873d7/resourceGroups/Client-East-Asia/providers/Microsoft.Network/networkInterfaces/client-asia-nic",
            "network_security_group_id": "/subscriptions/590b6f13-b2ac-4046-b912-57d76de873d7/resourceGroups/Client-East-Asia/providers/Microsoft.Network/networkSecurityGroups/client-asia-nsg",
            "timeouts": null
          },
          "sensitive_attributes": [],
          "private": "eyJlMmJmYjczMC1lY2FhLTExZTYtOGY4OC0zNDM2M2JjN2M0YzAiOnsiY3JlYXRlIjoxODAwMDAwMDAwMDAwLCJkZWxldGUiOjE4MDAwMDAwMDAwMDAsInJlYWQiOjMwMDAwMDAwMDAwMH19",
          "dependencies": [
            "azurerm_network_interface.client-asia",
            "azurerm_network_security_group.client-asia",
            "azurerm_public_ip.client-asia",
            "azurerm_resource_group.client-asia",
            "azurerm_subnet.client-asia",
            "azurerm_virtual_network.client-asia"
          ]
        }
      ]
    },
    {
      "mode": "managed",
      "type": "azurerm_network_security_group",
      "name": "client-asia",
      "provider": "provider[\"registry.terraform.io/hashicorp/azurerm\"]",
      "instances": [
        {
          "schema_version": 0,
          "attributes": {
            "id": "/subscriptions/590b6f13-b2ac-4046-b912-57d76de873d7/resourceGroups/Client-East-Asia/providers/Microsoft.Network/networkSecurityGroups/client-asia-nsg",
            "location": "eastasia",
            "name": "client-asia-nsg",
            "resource_group_name": "Client-East-Asia",
            "security_rule": [
              {
                "access": "Allow",
                "description": "",
                "destination_address_prefix": "*",
                "destination_address_prefixes": [],
                "destination_application_security_group_ids": [],
                "destination_port_range": "22",
                "destination_port_ranges": [],
                "direction": "Inbound",
                "name": "SSH",
                "priority": 1001,
                "protocol": "Tcp",
                "source_address_prefix": "*",
                "source_address_prefixes": [],
                "source_application_security_group_ids": [],
                "source_port_range": "*",
                "source_port_ranges": []
              },
              {
                "access": "Allow",
                "description": "",
                "destination_address_prefix": "*",
                "destination_address_prefixes": [],
                "destination_application_security_group_ids": [],
                "destination_port_range": "443",
                "destination_port_ranges": [],
                "direction": "Outbound",
                "name": "HTTPS",
                "priority": 1003,
                "protocol": "Tcp",
                "source_address_prefix": "*",
                "source_address_prefixes": [],
                "source_application_security_group_ids": [],
                "source_port_range": "*",
                "source_port_ranges": []
              }
            ],
            "tags": null,
            "timeouts": null
          },
          "sensitive_attributes": [],
          "private": "eyJlMmJmYjczMC1lY2FhLTExZTYtOGY4OC0zNDM2M2JjN2M0YzAiOnsiY3JlYXRlIjoxODAwMDAwMDAwMDAwLCJkZWxldGUiOjE4MDAwMDAwMDAwMDAsInJlYWQiOjMwMDAwMDAwMDAwMCwidXBkYXRlIjoxODAwMDAwMDAwMDAwfX0=",
          "dependencies": [
            "azurerm_resource_group.client-asia"
          ]
        }
      ]
    },
    {
      "mode": "managed",
      "type": "azurerm_public_ip",
      "name": "client-asia",
      "provider": "provider[\"registry.terraform.io/hashicorp/azurerm\"]",
      "instances": [
        {
          "schema_version": 0,
          "attributes": {
            "allocation_method": "Static",
            "ddos_protection_mode": "VirtualNetworkInherited",
            "ddos_protection_plan_id": null,
            "domain_name_label": null,
            "domain_name_label_scope": null,
            "edge_zone": "",
            "fqdn": null,
            "id": "/subscriptions/590b6f13-b2ac-4046-b912-57d76de873d7/resourceGroups/Client-East-Asia/providers/Microsoft.Network/publicIPAddresses/acceptanceTestPublicIp1",
            "idle_timeout_in_minutes": 4,
            "ip_address": "20.2.206.80",
            "ip_tags": null,
            "ip_version": "IPv4",
            "location": "eastasia",
            "name": "acceptanceTestPublicIp1",
            "public_ip_prefix_id": null,
            "resource_group_name": "Client-East-Asia",
            "reverse_fqdn": null,
            "sku": "Standard",
            "sku_tier": "Regional",
            "tags": {
              "environment": "Production"
            },
            "timeouts": null,
            "zones": null
          },
          "sensitive_attributes": [],
          "private": "eyJlMmJmYjczMC1lY2FhLTExZTYtOGY4OC0zNDM2M2JjN2M0YzAiOnsiY3JlYXRlIjoxODAwMDAwMDAwMDAwLCJkZWxldGUiOjE4MDAwMDAwMDAwMDAsInJlYWQiOjMwMDAwMDAwMDAwMCwidXBkYXRlIjoxODAwMDAwMDAwMDAwfX0=",
          "dependencies": [
            "azurerm_resource_group.client-asia"
          ]
        }
      ]
    },
    {
      "mode": "managed",
      "type": "azurerm_resource_group",
      "name": "client-asia",
      "provider": "provider[\"registry.terraform.io/hashicorp/azurerm\"]",
      "instances": [
        {
          "schema_version": 0,
          "attributes": {
            "id": "/subscriptions/590b6f13-b2ac-4046-b912-57d76de873d7/resourceGroups/Client-East-Asia",
            "location": "eastasia",
            "managed_by": "",
            "name": "Client-East-Asia",
            "tags": null,
            "timeouts": null
          },
          "sensitive_attributes": [],
          "private": "eyJlMmJmYjczMC1lY2FhLTExZTYtOGY4OC0zNDM2M2JjN2M0YzAiOnsiY3JlYXRlIjo1NDAwMDAwMDAwMDAwLCJkZWxldGUiOjU0MDAwMDAwMDAwMDAsInJlYWQiOjMwMDAwMDAwMDAwMCwidXBkYXRlIjo1NDAwMDAwMDAwMDAwfX0="
        }
      ]
    },
    {
      "mode": "managed",
      "type": "azurerm_subnet",
      "name": "client-asia",
      "provider": "provider[\"registry.terraform.io/hashicorp/azurerm\"]",
      "instances": [
        {
          "schema_version": 0,
          "attributes": {
            "address_prefixes": [
              "10.0.2.0/24"
            ],
            "default_outbound_access_enabled": true,
            "delegation": [],
            "id": "/subscriptions/590b6f13-b2ac-4046-b912-57d76de873d7/resourceGroups/Client-East-Asia/providers/Microsoft.Network/virtualNetworks/client-asia-network/subnets/internal",
            "name": "internal",
            "private_endpoint_network_policies": "Disabled",
            "private_link_service_network_policies_enabled": true,
            "resource_group_name": "Client-East-Asia",
            "service_endpoint_policy_ids": null,
            "service_endpoints": null,
            "timeouts": null,
            "virtual_network_name": "client-asia-network"
          },
          "sensitive_attributes": [],
          "private": "eyJlMmJmYjczMC1lY2FhLTExZTYtOGY4OC0zNDM2M2JjN2M0YzAiOnsiY3JlYXRlIjoxODAwMDAwMDAwMDAwLCJkZWxldGUiOjE4MDAwMDAwMDAwMDAsInJlYWQiOjMwMDAwMDAwMDAwMCwidXBkYXRlIjoxODAwMDAwMDAwMDAwfX0=",
          "dependencies": [
            "azurerm_resource_group.client-asia",
            "azurerm_virtual_network.client-asia"
          ]
        }
      ]
    },
    {
      "mode": "managed",
      "type": "azurerm_virtual_network",
      "name": "client-asia",
      "provider": "provider[\"registry.terraform.io/hashicorp/azurerm\"]",
      "instances": [
        {
          "schema_version": 0,
          "attributes": {
            "address_space": [
              "10.0.0.0/16"
            ],
            "bgp_community": "",
            "ddos_protection_plan": [],
            "dns_servers": [],
            "edge_zone": "",
            "encryption": [],
            "flow_timeout_in_minutes": 0,
            "guid": "d51355fc-d334-49f2-bdc4-663651c8754f",
            "id": "/subscriptions/590b6f13-b2ac-4046-b912-57d76de873d7/resourceGroups/Client-East-Asia/providers/Microsoft.Network/virtualNetworks/client-asia-network",
            "location": "eastasia",
            "name": "client-asia-network",
            "private_endpoint_vnet_policies": "Disabled",
            "resource_group_name": "Client-East-Asia",
            "subnet": [],
            "tags": null,
            "timeouts": null
          },
          "sensitive_attributes": [],
          "private": "eyJlMmJmYjczMC1lY2FhLTExZTYtOGY4OC0zNDM2M2JjN2M0YzAiOnsiY3JlYXRlIjoxODAwMDAwMDAwMDAwLCJkZWxldGUiOjE4MDAwMDAwMDAwMDAsInJlYWQiOjMwMDAwMDAwMDAwMCwidXBkYXRlIjoxODAwMDAwMDAwMDAwfX0=",
          "dependencies": [
            "azurerm_resource_group.client-asia"
          ]
        }
      ]
    }
  ],
  "check_results": null
}
